// !$*UTF8*$!
{
	archiveVersion = 1;
	classes = {
	};
	objectVersion = 50;
	objects = {

/* Begin PBXBuildFile section */
		5D07042A230C01E9004528C9 /* AppDelegate.swift in Sources */ = {isa = PBXBuildFile; fileRef = 5D070429230C01E9004528C9 /* AppDelegate.swift */; };
		5D07042C230C01E9004528C9 /* MenuViewController.swift in Sources */ = {isa = PBXBuildFile; fileRef = 5D07042B230C01E9004528C9 /* MenuViewController.swift */; };
		5D07042F230C01E9004528C9 /* Main.storyboard in Resources */ = {isa = PBXBuildFile; fileRef = 5D07042D230C01E9004528C9 /* Main.storyboard */; };
		5D070431230C01EA004528C9 /* Assets.xcassets in Resources */ = {isa = PBXBuildFile; fileRef = 5D070430230C01EA004528C9 /* Assets.xcassets */; };
		5D070434230C01EA004528C9 /* LaunchScreen.storyboard in Resources */ = {isa = PBXBuildFile; fileRef = 5D070432230C01EA004528C9 /* LaunchScreen.storyboard */; };
		5D07043F230C0AA1004528C9 /* Characters.swift in Sources */ = {isa = PBXBuildFile; fileRef = 5D07043E230C0AA1004528C9 /* Characters.swift */; };
		5D070441230C0AAB004528C9 /* Starships.swift in Sources */ = {isa = PBXBuildFile; fileRef = 5D070440230C0AAB004528C9 /* Starships.swift */; };
		5D070443230C0AC0004528C9 /* Vehicles.swift in Sources */ = {isa = PBXBuildFile; fileRef = 5D070442230C0AC0004528C9 /* Vehicles.swift */; };
		5D070445230C0AF5004528C9 /* InfomationViewController.swift in Sources */ = {isa = PBXBuildFile; fileRef = 5D070444230C0AF5004528C9 /* InfomationViewController.swift */; };
		5D070448230C160A004528C9 /* Errors.swift in Sources */ = {isa = PBXBuildFile; fileRef = 5D070447230C160A004528C9 /* Errors.swift */; };
		5D07044C230C211D004528C9 /* JsonDownloader.swift in Sources */ = {isa = PBXBuildFile; fileRef = 5D07044B230C211D004528C9 /* JsonDownloader.swift */; };
		5D070471230C231D004528C9 /* MenuTableViewController.swift in Sources */ = {isa = PBXBuildFile; fileRef = 5D070470230C231D004528C9 /* MenuTableViewController.swift */; };
		5D070473230C2380004528C9 /* InfomationTableViewController.swift in Sources */ = {isa = PBXBuildFile; fileRef = 5D070472230C2380004528C9 /* InfomationTableViewController.swift */; };
		5D070475230D2910004528C9 /* CharacterViewModel.swift in Sources */ = {isa = PBXBuildFile; fileRef = 5D070474230D2910004528C9 /* CharacterViewModel.swift */; };
		5D070477230D2920004528C9 /* VehicleViewModel.swift in Sources */ = {isa = PBXBuildFile; fileRef = 5D070476230D2920004528C9 /* VehicleViewModel.swift */; };
		5D070479230D29EB004528C9 /* StarshipVeiwModel.swift in Sources */ = {isa = PBXBuildFile; fileRef = 5D070478230D29EB004528C9 /* StarshipVeiwModel.swift */; };
		5D07047B230D48C7004528C9 /* Stub.swift in Sources */ = {isa = PBXBuildFile; fileRef = 5D07047A230D48C7004528C9 /* Stub.swift */; };
/* End PBXBuildFile section */

/* Begin PBXFileReference section */
		5D070426230C01E9004528C9 /* StarWarsInfo.app */ = {isa = PBXFileReference; explicitFileType = wrapper.application; includeInIndex = 0; path = StarWarsInfo.app; sourceTree = BUILT_PRODUCTS_DIR; };
		5D070429230C01E9004528C9 /* AppDelegate.swift */ = {isa = PBXFileReference; lastKnownFileType = sourcecode.swift; path = AppDelegate.swift; sourceTree = "<group>"; };
		5D07042B230C01E9004528C9 /* MenuViewController.swift */ = {isa = PBXFileReference; lastKnownFileType = sourcecode.swift; path = MenuViewController.swift; sourceTree = "<group>"; };
		5D07042E230C01E9004528C9 /* Base */ = {isa = PBXFileReference; lastKnownFileType = file.storyboard; name = Base; path = Base.lproj/Main.storyboard; sourceTree = "<group>"; };
		5D070430230C01EA004528C9 /* Assets.xcassets */ = {isa = PBXFileReference; lastKnownFileType = folder.assetcatalog; path = Assets.xcassets; sourceTree = "<group>"; };
		5D070433230C01EA004528C9 /* Base */ = {isa = PBXFileReference; lastKnownFileType = file.storyboard; name = Base; path = Base.lproj/LaunchScreen.storyboard; sourceTree = "<group>"; };
		5D070435230C01EB004528C9 /* Info.plist */ = {isa = PBXFileReference; lastKnownFileType = text.plist.xml; path = Info.plist; sourceTree = "<group>"; };
		5D07043E230C0AA1004528C9 /* Characters.swift */ = {isa = PBXFileReference; lastKnownFileType = sourcecode.swift; path = Characters.swift; sourceTree = "<group>"; };
		5D070440230C0AAB004528C9 /* Starships.swift */ = {isa = PBXFileReference; lastKnownFileType = sourcecode.swift; path = Starships.swift; sourceTree = "<group>"; };
		5D070442230C0AC0004528C9 /* Vehicles.swift */ = {isa = PBXFileReference; lastKnownFileType = sourcecode.swift; path = Vehicles.swift; sourceTree = "<group>"; };
		5D070444230C0AF5004528C9 /* InfomationViewController.swift */ = {isa = PBXFileReference; lastKnownFileType = sourcecode.swift; path = InfomationViewController.swift; sourceTree = "<group>"; };
		5D070447230C160A004528C9 /* Errors.swift */ = {isa = PBXFileReference; lastKnownFileType = sourcecode.swift; path = Errors.swift; sourceTree = "<group>"; };
		5D07044B230C211D004528C9 /* JsonDownloader.swift */ = {isa = PBXFileReference; lastKnownFileType = sourcecode.swift; path = JsonDownloader.swift; sourceTree = "<group>"; };
		5D070470230C231D004528C9 /* MenuTableViewController.swift */ = {isa = PBXFileReference; lastKnownFileType = sourcecode.swift; path = MenuTableViewController.swift; sourceTree = "<group>"; };
		5D070472230C2380004528C9 /* InfomationTableViewController.swift */ = {isa = PBXFileReference; lastKnownFileType = sourcecode.swift; path = InfomationTableViewController.swift; sourceTree = "<group>"; };
		5D070474230D2910004528C9 /* CharacterViewModel.swift */ = {isa = PBXFileReference; lastKnownFileType = sourcecode.swift; path = CharacterViewModel.swift; sourceTree = "<group>"; };
		5D070476230D2920004528C9 /* VehicleViewModel.swift */ = {isa = PBXFileReference; lastKnownFileType = sourcecode.swift; path = VehicleViewModel.swift; sourceTree = "<group>"; };
		5D070478230D29EB004528C9 /* StarshipVeiwModel.swift */ = {isa = PBXFileReference; lastKnownFileType = sourcecode.swift; path = StarshipVeiwModel.swift; sourceTree = "<group>"; };
		5D07047A230D48C7004528C9 /* Stub.swift */ = {isa = PBXFileReference; lastKnownFileType = sourcecode.swift; path = Stub.swift; sourceTree = "<group>"; };
/* End PBXFileReference section */

/* Begin PBXFrameworksBuildPhase section */
		5D070423230C01E9004528C9 /* Frameworks */ = {
			isa = PBXFrameworksBuildPhase;
			buildActionMask = 2147483647;
			files = (
			);
			runOnlyForDeploymentPostprocessing = 0;
		};
/* End PBXFrameworksBuildPhase section */

/* Begin PBXGroup section */
		5D07041D230C01E9004528C9 = {
			isa = PBXGroup;
			children = (
				5D070428230C01E9004528C9 /* StarWarsInfo */,
				5D070427230C01E9004528C9 /* Products */,
			);
			sourceTree = "<group>";
		};
		5D070427230C01E9004528C9 /* Products */ = {
			isa = PBXGroup;
			children = (
				5D070426230C01E9004528C9 /* StarWarsInfo.app */,
			);
			name = Products;
			sourceTree = "<group>";
		};
		5D070428230C01E9004528C9 /* StarWarsInfo */ = {
			isa = PBXGroup;
			children = (
				5D07044D230C2131004528C9 /* StubData */,
				5D07044A230C17CF004528C9 /* Networking */,
				5D070449230C17C2004528C9 /* ViewModels */,
				5D070446230C15FA004528C9 /* Errors */,
				5D07043D230C02E3004528C9 /* models */,
				5D07043C230C02CB004528C9 /* views */,
				5D07043B230C02B9004528C9 /* controllers */,
				5D070429230C01E9004528C9 /* AppDelegate.swift */,
				5D07042D230C01E9004528C9 /* Main.storyboard */,
				5D070430230C01EA004528C9 /* Assets.xcassets */,
				5D070432230C01EA004528C9 /* LaunchScreen.storyboard */,
				5D070435230C01EB004528C9 /* Info.plist */,
			);
			path = StarWarsInfo;
			sourceTree = "<group>";
		};
		5D07043B230C02B9004528C9 /* controllers */ = {
			isa = PBXGroup;
			children = (
				5D07042B230C01E9004528C9 /* MenuViewController.swift */,
				5D070444230C0AF5004528C9 /* InfomationViewController.swift */,
				5D070470230C231D004528C9 /* MenuTableViewController.swift */,
				5D070472230C2380004528C9 /* InfomationTableViewController.swift */,
			);
			path = controllers;
			sourceTree = "<group>";
		};
		5D07043C230C02CB004528C9 /* views */ = {
			isa = PBXGroup;
			children = (
			);
			path = views;
			sourceTree = "<group>";
		};
		5D07043D230C02E3004528C9 /* models */ = {
			isa = PBXGroup;
			children = (
				5D07043E230C0AA1004528C9 /* Characters.swift */,
				5D070440230C0AAB004528C9 /* Starships.swift */,
				5D070442230C0AC0004528C9 /* Vehicles.swift */,
			);
			path = models;
			sourceTree = "<group>";
		};
		5D070446230C15FA004528C9 /* Errors */ = {
			isa = PBXGroup;
			children = (
				5D070447230C160A004528C9 /* Errors.swift */,
			);
			path = Errors;
			sourceTree = "<group>";
		};
		5D070449230C17C2004528C9 /* ViewModels */ = {
			isa = PBXGroup;
			children = (
				5D070474230D2910004528C9 /* CharacterViewModel.swift */,
				5D070476230D2920004528C9 /* VehicleViewModel.swift */,
				5D070478230D29EB004528C9 /* StarshipVeiwModel.swift */,
			);
			path = ViewModels;
			sourceTree = "<group>";
		};
		5D07044A230C17CF004528C9 /* Networking */ = {
			isa = PBXGroup;
			children = (
				5D07044B230C211D004528C9 /* JsonDownloader.swift */,
			);
			path = Networking;
			sourceTree = "<group>";
		};
		5D07044D230C2131004528C9 /* StubData */ = {
			isa = PBXGroup;
			children = (
				5D07047A230D48C7004528C9 /* Stub.swift */,
			);
			path = StubData;
			sourceTree = "<group>";
		};
/* End PBXGroup section */

/* Begin PBXNativeTarget section */
		5D070425230C01E9004528C9 /* StarWarsInfo */ = {
			isa = PBXNativeTarget;
			buildConfigurationList = 5D070438230C01EB004528C9 /* Build configuration list for PBXNativeTarget "StarWarsInfo" */;
			buildPhases = (
				5D070422230C01E9004528C9 /* Sources */,
				5D070423230C01E9004528C9 /* Frameworks */,
				5D070424230C01E9004528C9 /* Resources */,
			);
			buildRules = (
			);
			dependencies = (
			);
			name = StarWarsInfo;
			productName = StarWarsInfo;
			productReference = 5D070426230C01E9004528C9 /* StarWarsInfo.app */;
			productType = "com.apple.product-type.application";
		};
/* End PBXNativeTarget section */

/* Begin PBXProject section */
		5D07041E230C01E9004528C9 /* Project object */ = {
			isa = PBXProject;
			attributes = {
				LastSwiftUpdateCheck = 1010;
				LastUpgradeCheck = 1010;
				ORGANIZATIONNAME = CurtisScott;
				TargetAttributes = {
					5D070425230C01E9004528C9 = {
						CreatedOnToolsVersion = 10.1;
					};
				};
			};
			buildConfigurationList = 5D070421230C01E9004528C9 /* Build configuration list for PBXProject "StarWarsInfo" */;
			compatibilityVersion = "Xcode 9.3";
			developmentRegion = en;
			hasScannedForEncodings = 0;
			knownRegions = (
				en,
				Base,
			);
			mainGroup = 5D07041D230C01E9004528C9;
			productRefGroup = 5D070427230C01E9004528C9 /* Products */;
			projectDirPath = "";
			projectRoot = "";
			targets = (
				5D070425230C01E9004528C9 /* StarWarsInfo */,
			);
		};
/* End PBXProject section */

/* Begin PBXResourcesBuildPhase section */
		5D070424230C01E9004528C9 /* Resources */ = {
			isa = PBXResourcesBuildPhase;
			buildActionMask = 2147483647;
			files = (
				5D070434230C01EA004528C9 /* LaunchScreen.storyboard in Resources */,
				5D070431230C01EA004528C9 /* Assets.xcassets in Resources */,
				5D07042F230C01E9004528C9 /* Main.storyboard in Resources */,
			);
			runOnlyForDeploymentPostprocessing = 0;
		};
/* End PBXResourcesBuildPhase section */

/* Begin PBXSourcesBuildPhase section */
		5D070422230C01E9004528C9 /* Sources */ = {
			isa = PBXSourcesBuildPhase;
			buildActionMask = 2147483647;
			files = (
				5D07044C230C211D004528C9 /* JsonDownloader.swift in Sources */,
				5D070477230D2920004528C9 /* VehicleViewModel.swift in Sources */,
				5D070445230C0AF5004528C9 /* InfomationViewController.swift in Sources */,
				5D07042C230C01E9004528C9 /* MenuViewController.swift in Sources */,
				5D07043F230C0AA1004528C9 /* Characters.swift in Sources */,
				5D07042A230C01E9004528C9 /* AppDelegate.swift in Sources */,
				5D070479230D29EB004528C9 /* StarshipVeiwModel.swift in Sources */,
				5D070473230C2380004528C9 /* InfomationTableViewController.swift in Sources */,
				5D070475230D2910004528C9 /* CharacterViewModel.swift in Sources */,
				5D070471230C231D004528C9 /* MenuTableViewController.swift in Sources */,
				5D070443230C0AC0004528C9 /* Vehicles.swift in Sources */,
				5D070441230C0AAB004528C9 /* Starships.swift in Sources */,
				5D070448230C160A004528C9 /* Errors.swift in Sources */,
				5D07047B230D48C7004528C9 /* Stub.swift in Sources */,
			);
			runOnlyForDeploymentPostprocessing = 0;
		};
/* End PBXSourcesBuildPhase section */

/* Begin PBXVariantGroup section */
		5D07042D230C01E9004528C9 /* Main.storyboard */ = {
			isa = PBXVariantGroup;
			children = (
				5D07042E230C01E9004528C9 /* Base */,
			);
			name = Main.storyboard;
			sourceTree = "<group>";
		};
		5D070432230C01EA004528C9 /* LaunchScreen.storyboard */ = {
			isa = PBXVariantGroup;
			children = (
				5D070433230C01EA004528C9 /* Base */,
			);
			name = LaunchScreen.storyboard;
			sourceTree = "<group>";
		};
/* End PBXVariantGroup section */

/* Begin XCBuildConfiguration section */
		5D070436230C01EB004528C9 /* Debug */ = {
			isa = XCBuildConfiguration;
			buildSettings = {
				ALWAYS_SEARCH_USER_PATHS = NO;
				CLANG_ANALYZER_NONNULL = YES;
				CLANG_ANALYZER_NUMBER_OBJECT_CONVERSION = YES_AGGRESSIVE;
				CLANG_CXX_LANGUAGE_STANDARD = "gnu++14";
				CLANG_CXX_LIBRARY = "libc++";
				CLANG_ENABLE_MODULES = YES;
				CLANG_ENABLE_OBJC_ARC = YES;
				CLANG_ENABLE_OBJC_WEAK = YES;
				CLANG_WARN_BLOCK_CAPTURE_AUTORELEASING = YES;
				CLANG_WARN_BOOL_CONVERSION = YES;
				CLANG_WARN_COMMA = YES;
				CLANG_WARN_CONSTANT_CONVERSION = YES;
				CLANG_WARN_DEPRECATED_OBJC_IMPLEMENTATIONS = YES;
				CLANG_WARN_DIRECT_OBJC_ISA_USAGE = YES_ERROR;
				CLANG_WARN_DOCUMENTATION_COMMENTS = YES;
				CLANG_WARN_EMPTY_BODY = YES;
				CLANG_WARN_ENUM_CONVERSION = YES;
				CLANG_WARN_INFINITE_RECURSION = YES;
				CLANG_WARN_INT_CONVERSION = YES;
				CLANG_WARN_NON_LITERAL_NULL_CONVERSION = YES;
				CLANG_WARN_OBJC_IMPLICIT_RETAIN_SELF = YES;
				CLANG_WARN_OBJC_LITERAL_CONVERSION = YES;
				CLANG_WARN_OBJC_ROOT_CLASS = YES_ERROR;
				CLANG_WARN_RANGE_LOOP_ANALYSIS = YES;
				CLANG_WARN_STRICT_PROTOTYPES = YES;
				CLANG_WARN_SUSPICIOUS_MOVE = YES;
				CLANG_WARN_UNGUARDED_AVAILABILITY = YES_AGGRESSIVE;
				CLANG_WARN_UNREACHABLE_CODE = YES;
				CLANG_WARN__DUPLICATE_METHOD_MATCH = YES;
				CODE_SIGN_IDENTITY = "iPhone Developer";
				COPY_PHASE_STRIP = NO;
				DEBUG_INFORMATION_FORMAT = dwarf;
				ENABLE_STRICT_OBJC_MSGSEND = YES;
				ENABLE_TESTABILITY = YES;
				GCC_C_LANGUAGE_STANDARD = gnu11;
				GCC_DYNAMIC_NO_PIC = NO;
				GCC_NO_COMMON_BLOCKS = YES;
				GCC_OPTIMIZATION_LEVEL = 0;
				GCC_PREPROCESSOR_DEFINITIONS = (
					"DEBUG=1",
					"$(inherited)",
				);
				GCC_WARN_64_TO_32_BIT_CONVERSION = YES;
				GCC_WARN_ABOUT_RETURN_TYPE = YES_ERROR;
				GCC_WARN_UNDECLARED_SELECTOR = YES;
				GCC_WARN_UNINITIALIZED_AUTOS = YES_AGGRESSIVE;
				GCC_WARN_UNUSED_FUNCTION = YES;
				GCC_WARN_UNUSED_VARIABLE = YES;
				IPHONEOS_DEPLOYMENT_TARGET = 12.1;
				MTL_ENABLE_DEBUG_INFO = INCLUDE_SOURCE;
				MTL_FAST_MATH = YES;
				ONLY_ACTIVE_ARCH = YES;
				SDKROOT = iphoneos;
				SWIFT_ACTIVE_COMPILATION_CONDITIONS = DEBUG;
				SWIFT_OPTIMIZATION_LEVEL = "-Onone";
			};
			name = Debug;
		};
		5D070437230C01EB004528C9 /* Release */ = {
			isa = XCBuildConfiguration;
			buildSettings = {
				ALWAYS_SEARCH_USER_PATHS = NO;
				CLANG_ANALYZER_NONNULL = YES;
				CLANG_ANALYZER_NUMBER_OBJECT_CONVERSION = YES_AGGRESSIVE;
				CLANG_CXX_LANGUAGE_STANDARD = "gnu++14";
				CLANG_CXX_LIBRARY = "libc++";
				CLANG_ENABLE_MODULES = YES;
				CLANG_ENABLE_OBJC_ARC = YES;
				CLANG_ENABLE_OBJC_WEAK = YES;
				CLANG_WARN_BLOCK_CAPTURE_AUTORELEASING = YES;
				CLANG_WARN_BOOL_CONVERSION = YES;
				CLANG_WARN_COMMA = YES;
				CLANG_WARN_CONSTANT_CONVERSION = YES;
				CLANG_WARN_DEPRECATED_OBJC_IMPLEMENTATIONS = YES;
				CLANG_WARN_DIRECT_OBJC_ISA_USAGE = YES_ERROR;
				CLANG_WARN_DOCUMENTATION_COMMENTS = YES;
				CLANG_WARN_EMPTY_BODY = YES;
				CLANG_WARN_ENUM_CONVERSION = YES;
				CLANG_WARN_INFINITE_RECURSION = YES;
				CLANG_WARN_INT_CONVERSION = YES;
				CLANG_WARN_NON_LITERAL_NULL_CONVERSION = YES;
				CLANG_WARN_OBJC_IMPLICIT_RETAIN_SELF = YES;
				CLANG_WARN_OBJC_LITERAL_CONVERSION = YES;
				CLANG_WARN_OBJC_ROOT_CLASS = YES_ERROR;
				CLANG_WARN_RANGE_LOOP_ANALYSIS = YES;
				CLANG_WARN_STRICT_PROTOTYPES = YES;
				CLANG_WARN_SUSPICIOUS_MOVE = YES;
				CLANG_WARN_UNGUARDED_AVAILABILITY = YES_AGGRESSIVE;
				CLANG_WARN_UNREACHABLE_CODE = YES;
				CLANG_WARN__DUPLICATE_METHOD_MATCH = YES;
				CODE_SIGN_IDENTITY = "iPhone Developer";
				COPY_PHASE_STRIP = NO;
				DEBUG_INFORMATION_FORMAT = "dwarf-with-dsym";
				ENABLE_NS_ASSERTIONS = NO;
				ENABLE_STRICT_OBJC_MSGSEND = YES;
				GCC_C_LANGUAGE_STANDARD = gnu11;
				GCC_NO_COMMON_BLOCKS = YES;
				GCC_WARN_64_TO_32_BIT_CONVERSION = YES;
				GCC_WARN_ABOUT_RETURN_TYPE = YES_ERROR;
				GCC_WARN_UNDECLARED_SELECTOR = YES;
				GCC_WARN_UNINITIALIZED_AUTOS = YES_AGGRESSIVE;
				GCC_WARN_UNUSED_FUNCTION = YES;
				GCC_WARN_UNUSED_VARIABLE = YES;
				IPHONEOS_DEPLOYMENT_TARGET = 12.1;
				MTL_ENABLE_DEBUG_INFO = NO;
				MTL_FAST_MATH = YES;
				SDKROOT = iphoneos;
				SWIFT_COMPILATION_MODE = wholemodule;
				SWIFT_OPTIMIZATION_LEVEL = "-O";
				VALIDATE_PRODUCT = YES;
			};
			name = Release;
		};
		5D070439230C01EB004528C9 /* Debug */ = {
			isa = XCBuildConfiguration;
			buildSettings = {
				ASSETCATALOG_COMPILER_APPICON_NAME = AppIcon;
				CODE_SIGN_STYLE = Automatic;
				DEVELOPMENT_TEAM = 2KG7A9SR4C;
				INFOPLIST_FILE = StarWarsInfo/Info.plist;
				LD_RUNPATH_SEARCH_PATHS = (
					"$(inherited)",
					"@executable_path/Frameworks",
				);
				PRODUCT_BUNDLE_IDENTIFIER = co.uk.curtisscott.StarWarsInfo;
				PRODUCT_NAME = "$(TARGET_NAME)";
				SWIFT_VERSION = 4.2;
				TARGETED_DEVICE_FAMILY = "1,2";
			};
			name = Debug;
		};
		5D07043A230C01EB004528C9 /* Release */ = {
			isa = XCBuildConfiguration;
			buildSettings = {
				ASSETCATALOG_COMPILER_APPICON_NAME = AppIcon;
				CODE_SIGN_STYLE = Automatic;
				DEVELOPMENT_TEAM = 2KG7A9SR4C;
				INFOPLIST_FILE = StarWarsInfo/Info.plist;
				LD_RUNPATH_SEARCH_PATHS = (
					"$(inherited)",
					"@executable_path/Frameworks",
				);
				PRODUCT_BUNDLE_IDENTIFIER = co.uk.curtisscott.StarWarsInfo;
				PRODUCT_NAME = "$(TARGET_NAME)";
				SWIFT_VERSION = 4.2;
				TARGETED_DEVICE_FAMILY = "1,2";
			};
			name = Release;
		};
/* End XCBuildConfiguration section */

/* Begin XCConfigurationList section */
		5D070421230C01E9004528C9 /* Build configuration list for PBXProject "StarWarsInfo" */ = {
			isa = XCConfigurationList;
			buildConfigurations = (
				5D070436230C01EB004528C9 /* Debug */,
				5D070437230C01EB004528C9 /* Release */,
			);
			defaultConfigurationIsVisible = 0;
			defaultConfigurationName = Release;
		};
		5D070438230C01EB004528C9 /* Build configuration list for PBXNativeTarget "StarWarsInfo" */ = {
			isa = XCConfigurationList;
			buildConfigurations = (
				5D070439230C01EB004528C9 /* Debug */,
				5D07043A230C01EB004528C9 /* Release */,
			);
			defaultConfigurationIsVisible = 0;
			defaultConfigurationName = Release;
		};
/* End XCConfigurationList section */
	};
	rootObject = 5D07041E230C01E9004528C9 /* Project object */;
}
